
Microsoft Visual Studio Solution File, Format Version 12.00
# Visual Studio Version 18
VisualStudioVersion = 18.5.11605.296 insiders
MinimumVisualStudioVersion = 10.0.40219.1
Project("{FAE04EC0-301F-11D3-BF4B-00C04F79EFBC}") = "Student Onboarding Platform", "Student Onboarding Platform\Student Onboarding Platform.csproj", "{17A3FB81-1D5F-489C-8823-5B737827942A}"
EndProject
Project("{FAE04EC0-301F-11D3-BF4B-00C04F79EFBC}") = "StudentOnboardingApp", "..\StudentOnboardingApp\StudentOnboardingApp.csproj", "{42CC7205-FA39-3074-B6A5-5D2352459BAE}"
EndProject
Global
	GlobalSection(SolutionConfigurationPlatforms) = preSolution
		Debug|Any CPU = Debug|Any CPU
		Release|Any CPU = Release|Any CPU
	EndGlobalSection
	GlobalSection(ProjectConfigurationPlatforms) = postSolution
		{17A3FB81-1D5F-489C-8823-5B737827942A}.Debug|Any CPU.ActiveCfg = Debug|Any CPU
		{17A3FB81-1D5F-489C-8823-5B737827942A}.Debug|Any CPU.Build.0 = Debug|Any CPU
		{17A3FB81-1D5F-489C-8823-5B737827942A}.Release|Any CPU.ActiveCfg = Release|Any CPU
		{17A3FB81-1D5F-489C-8823-5B737827942A}.Release|Any CPU.Build.0 = Release|Any CPU
		{42CC7205-FA39-3074-B6A5-5D2352459BAE}.Debug|Any CPU.ActiveCfg = Debug|Any CPU
		{42CC7205-FA39-3074-B6A5-5D2352459BAE}.Debug|Any CPU.Build.0 = Debug|Any CPU
		{42CC7205-FA39-3074-B6A5-5D2352459BAE}.Release|Any CPU.ActiveCfg = Release|Any CPU
		{42CC7205-FA39-3074-B6A5-5D2352459BAE}.Release|Any CPU.Build.0 = Release|Any CPU
	EndGlobalSection
	GlobalSection(SolutionProperties) = preSolution
		HideSolutionNode = FALSE
	EndGlobalSection
	GlobalSection(ExtensibilityGlobals) = postSolution
		SolutionGuid = {89A38778-DAF1-4FE4-A049-672F241DF2DC}
	EndGlobalSection
EndGlobal
